
Microsoft Visual Studio Solution File, Format Version 12.00
# Visual Studio Version 16
VisualStudioVersion = 16.0.29215.179
MinimumVisualStudioVersion = 10.0.40219.1
Project("{FAE04EC0-301F-11D3-BF4B-00C04F79EFBC}") = "Проценты на остаток", "Проценты на остаток\Проценты на остаток.csproj", "{8D6565ED-9FA9-4594-8B4C-5AEE283DEBB8}"
EndProject
Global
	GlobalSection(SolutionConfigurationPlatforms) = preSolution
		Debug|Any CPU = Debug|Any CPU
		Release|Any CPU = Release|Any CPU
	EndGlobalSection
	GlobalSection(ProjectConfigurationPlatforms) = postSolution
		{8D6565ED-9FA9-4594-8B4C-5AEE283DEBB8}.Debug|Any CPU.ActiveCfg = Debug|Any CPU
		{8D6565ED-9FA9-4594-8B4C-5AEE283DEBB8}.Debug|Any CPU.Build.0 = Debug|Any CPU
		{8D6565ED-9FA9-4594-8B4C-5AEE283DEBB8}.Release|Any CPU.ActiveCfg = Release|Any CPU
		{8D6565ED-9FA9-4594-8B4C-5AEE283DEBB8}.Release|Any CPU.Build.0 = Release|Any CPU
	EndGlobalSection
	GlobalSection(SolutionProperties) = preSolution
		HideSolutionNode = FALSE
	EndGlobalSection
	GlobalSection(ExtensibilityGlobals) = postSolution
		SolutionGuid = {20745B62-9221-452D-950E-9B8F812ABB89}
	EndGlobalSection
EndGlobal
